
Microsoft Visual Studio Solution File, Format Version 12.00
# Visual Studio 15
VisualStudioVersion = 15.0.27004.2002
MinimumVisualStudioVersion = 10.0.40219.1
Project("{FAE04EC0-301F-11D3-BF4B-00C04F79EFBC}") = "1stUWPSample", "1stUWPSample\1stUWPSample.csproj", "{C4CAC577-B538-4508-9B38-7CDC36B4EEBA}"
EndProject
Global
	GlobalSection(SolutionConfigurationPlatforms) = preSolution
		Debug|ARM = Debug|ARM
		Debug|x64 = Debug|x64
		Debug|x86 = Debug|x86
		Release|ARM = Release|ARM
		Release|x64 = Release|x64
		Release|x86 = Release|x86
	EndGlobalSection
	GlobalSection(ProjectConfigurationPlatforms) = postSolution
		{C4CAC577-B538-4508-9B38-7CDC36B4EEBA}.Debug|ARM.ActiveCfg = Debug|ARM
		{C4CAC577-B538-4508-9B38-7CDC36B4EEBA}.Debug|ARM.Build.0 = Debug|ARM
		{C4CAC577-B538-4508-9B38-7CDC36B4EEBA}.Debug|ARM.Deploy.0 = Debug|ARM
		{C4CAC577-B538-4508-9B38-7CDC36B4EEBA}.Debug|x64.ActiveCfg = Debug|x64
		{C4CAC577-B538-4508-9B38-7CDC36B4EEBA}.Debug|x64.Build.0 = Debug|x64
		{C4CAC577-B538-4508-9B38-7CDC36B4EEBA}.Debug|x64.Deploy.0 = Debug|x64
		{C4CAC577-B538-4508-9B38-7CDC36B4EEBA}.Debug|x86.ActiveCfg = Debug|x86
		{C4CAC577-B538-4508-9B38-7CDC36B4EEBA}.Debug|x86.Build.0 = Debug|x86
		{C4CAC577-B538-4508-9B38-7CDC36B4EEBA}.Debug|x86.Deploy.0 = Debug|x86
		{C4CAC577-B538-4508-9B38-7CDC36B4EEBA}.Release|ARM.ActiveCfg = Release|ARM
		{C4CAC577-B538-4508-9B38-7CDC36B4EEBA}.Release|ARM.Build.0 = Release|ARM
		{C4CAC577-B538-4508-9B38-7CDC36B4EEBA}.Release|ARM.Deploy.0 = Release|ARM
		{C4CAC577-B538-4508-9B38-7CDC36B4EEBA}.Release|x64.ActiveCfg = Release|x64
		{C4CAC577-B538-4508-9B38-7CDC36B4EEBA}.Release|x64.Build.0 = Release|x64
		{C4CAC577-B538-4508-9B38-7CDC36B4EEBA}.Release|x64.Deploy.0 = Release|x64
		{C4CAC577-B538-4508-9B38-7CDC36B4EEBA}.Release|x86.ActiveCfg = Release|x86
		{C4CAC577-B538-4508-9B38-7CDC36B4EEBA}.Release|x86.Build.0 = Release|x86
		{C4CAC577-B538-4508-9B38-7CDC36B4EEBA}.Release|x86.Deploy.0 = Release|x86
	EndGlobalSection
	GlobalSection(SolutionProperties) = preSolution
		HideSolutionNode = FALSE
	EndGlobalSection
	GlobalSection(ExtensibilityGlobals) = postSolution
		SolutionGuid = {F186AEFA-7103-4458-98AE-E0FFF7CDFF70}
	EndGlobalSection
EndGlobal
